
Microsoft Visual Studio Solution File, Format Version 12.00
# Visual Studio 15
VisualStudioVersion = 15.0.26228.10
MinimumVisualStudioVersion = 10.0.40219.1
Project("{FAE04EC0-301F-11D3-BF4B-00C04F79EFBC}") = "LinkCheck", "linkChecker\LinkCheck.csproj", "{A72356BF-92A7-40D0-95D8-3596C012A1B2}"
EndProject
Project("{FAE04EC0-301F-11D3-BF4B-00C04F79EFBC}") = "Crawler", "Web_Crawler\Crawler.csproj", "{8D0A291F-AB1A-40F8-8B83-680252C05026}"
EndProject
Project("{FAE04EC0-301F-11D3-BF4B-00C04F79EFBC}") = "GetPostHead", "HTTP_Request\GetPostHead.csproj", "{CA7FC72E-599B-471A-B674-7F0838BB083F}"
EndProject
Global
	GlobalSection(SolutionConfigurationPlatforms) = preSolution
		Debug|Any CPU = Debug|Any CPU
		Release|Any CPU = Release|Any CPU
	EndGlobalSection
	GlobalSection(ProjectConfigurationPlatforms) = postSolution
		{A72356BF-92A7-40D0-95D8-3596C012A1B2}.Debug|Any CPU.ActiveCfg = Debug|Any CPU
		{A72356BF-92A7-40D0-95D8-3596C012A1B2}.Debug|Any CPU.Build.0 = Debug|Any CPU
		{A72356BF-92A7-40D0-95D8-3596C012A1B2}.Release|Any CPU.ActiveCfg = Release|Any CPU
		{A72356BF-92A7-40D0-95D8-3596C012A1B2}.Release|Any CPU.Build.0 = Release|Any CPU
		{8D0A291F-AB1A-40F8-8B83-680252C05026}.Debug|Any CPU.ActiveCfg = Debug|Any CPU
		{8D0A291F-AB1A-40F8-8B83-680252C05026}.Debug|Any CPU.Build.0 = Debug|Any CPU
		{8D0A291F-AB1A-40F8-8B83-680252C05026}.Release|Any CPU.ActiveCfg = Release|Any CPU
		{8D0A291F-AB1A-40F8-8B83-680252C05026}.Release|Any CPU.Build.0 = Release|Any CPU
		{CA7FC72E-599B-471A-B674-7F0838BB083F}.Debug|Any CPU.ActiveCfg = Debug|Any CPU
		{CA7FC72E-599B-471A-B674-7F0838BB083F}.Debug|Any CPU.Build.0 = Debug|Any CPU
		{CA7FC72E-599B-471A-B674-7F0838BB083F}.Release|Any CPU.ActiveCfg = Release|Any CPU
		{CA7FC72E-599B-471A-B674-7F0838BB083F}.Release|Any CPU.Build.0 = Release|Any CPU
	EndGlobalSection
	GlobalSection(SolutionProperties) = preSolution
		HideSolutionNode = FALSE
	EndGlobalSection
EndGlobal
